Microsoft Visual Studio Solution File, Format Version 12.00
# Visual Studio 2012
Project("{FAE04EC0-301F-11D3-BF4B-00C04F79EFBC}") = "Godot-flowfield", "Godot-flowfield.csproj", "{D3D5A045-5EFB-419E-B944-4080151D5FEB}"
EndProject
Global
	GlobalSection(SolutionConfigurationPlatforms) = preSolution
	Debug|Any CPU = Debug|Any CPU
	ExportDebug|Any CPU = ExportDebug|Any CPU
	ExportRelease|Any CPU = ExportRelease|Any CPU
	EndGlobalSection
	GlobalSection(ProjectConfigurationPlatforms) = postSolution
		{D3D5A045-5EFB-419E-B944-4080151D5FEB}.Debug|Any CPU.ActiveCfg = Debug|Any CPU
		{D3D5A045-5EFB-419E-B944-4080151D5FEB}.Debug|Any CPU.Build.0 = Debug|Any CPU
		{D3D5A045-5EFB-419E-B944-4080151D5FEB}.ExportDebug|Any CPU.ActiveCfg = ExportDebug|Any CPU
		{D3D5A045-5EFB-419E-B944-4080151D5FEB}.ExportDebug|Any CPU.Build.0 = ExportDebug|Any CPU
		{D3D5A045-5EFB-419E-B944-4080151D5FEB}.ExportRelease|Any CPU.ActiveCfg = ExportRelease|Any CPU
		{D3D5A045-5EFB-419E-B944-4080151D5FEB}.ExportRelease|Any CPU.Build.0 = ExportRelease|Any CPU
	EndGlobalSection
EndGlobal
