Microsoft Visual Studio Solution File, Format Version 12.00
# Visual Studio 2012
Project("{FAE04EC0-301F-11D3-BF4B-00C04F79EFBC}") = "godot2d-minimap", "godot2d-minimap.csproj", "{3C5BB0B7-82B7-41E9-A7EA-F6C0F815D0B0}"
EndProject
Global
	GlobalSection(SolutionConfigurationPlatforms) = preSolution
	Debug|Any CPU = Debug|Any CPU
	ExportDebug|Any CPU = ExportDebug|Any CPU
	ExportRelease|Any CPU = ExportRelease|Any CPU
	EndGlobalSection
	GlobalSection(ProjectConfigurationPlatforms) = postSolution
		{3C5BB0B7-82B7-41E9-A7EA-F6C0F815D0B0}.Debug|Any CPU.ActiveCfg = Debug|Any CPU
		{3C5BB0B7-82B7-41E9-A7EA-F6C0F815D0B0}.Debug|Any CPU.Build.0 = Debug|Any CPU
		{3C5BB0B7-82B7-41E9-A7EA-F6C0F815D0B0}.ExportDebug|Any CPU.ActiveCfg = ExportDebug|Any CPU
		{3C5BB0B7-82B7-41E9-A7EA-F6C0F815D0B0}.ExportDebug|Any CPU.Build.0 = ExportDebug|Any CPU
		{3C5BB0B7-82B7-41E9-A7EA-F6C0F815D0B0}.ExportRelease|Any CPU.ActiveCfg = ExportRelease|Any CPU
		{3C5BB0B7-82B7-41E9-A7EA-F6C0F815D0B0}.ExportRelease|Any CPU.Build.0 = ExportRelease|Any CPU
	EndGlobalSection
EndGlobal
